
Microsoft Visual Studio Solution File, Format Version 12.00
# Visual Studio 15
Project("{FAE04EC0-301F-11D3-BF4B-00C04F79EFBC}") = "Assembly-CSharp", "Assembly-CSharp.csproj", "{310693FA-DE40-8FF7-227D-2E8AAE526E02}"
EndProject
Project("{FAE04EC0-301F-11D3-BF4B-00C04F79EFBC}") = "Assembly-CSharp-firstpass", "Assembly-CSharp-firstpass.csproj", "{2D159FB1-BF3B-6419-EBF6-3BA0620B07A2}"
EndProject
Project("{FAE04EC0-301F-11D3-BF4B-00C04F79EFBC}") = "Assembly-CSharp-Editor-firstpass", "Assembly-CSharp-Editor-firstpass.csproj", "{B2944A9D-D7E2-4D79-21AD-CBB679997F89}"
EndProject
Project("{FAE04EC0-301F-11D3-BF4B-00C04F79EFBC}") = "Assembly-CSharp-Editor", "Assembly-CSharp-Editor.csproj", "{62EFA4D0-AEB9-532F-F9B5-BB817F74A78F}"
EndProject
Global
	GlobalSection(SolutionConfigurationPlatforms) = preSolution
		Debug|Any CPU = Debug|Any CPU
		Release|Any CPU = Release|Any CPU
	EndGlobalSection
	GlobalSection(ProjectConfigurationPlatforms) = postSolution
		{310693FA-DE40-8FF7-227D-2E8AAE526E02}.Debug|Any CPU.ActiveCfg = Debug|Any CPU
		{310693FA-DE40-8FF7-227D-2E8AAE526E02}.Debug|Any CPU.Build.0 = Debug|Any CPU
		{310693FA-DE40-8FF7-227D-2E8AAE526E02}.Release|Any CPU.ActiveCfg = Release|Any CPU
		{310693FA-DE40-8FF7-227D-2E8AAE526E02}.Release|Any CPU.Build.0 = Release|Any CPU
		{2D159FB1-BF3B-6419-EBF6-3BA0620B07A2}.Debug|Any CPU.ActiveCfg = Debug|Any CPU
		{2D159FB1-BF3B-6419-EBF6-3BA0620B07A2}.Debug|Any CPU.Build.0 = Debug|Any CPU
		{2D159FB1-BF3B-6419-EBF6-3BA0620B07A2}.Release|Any CPU.ActiveCfg = Release|Any CPU
		{2D159FB1-BF3B-6419-EBF6-3BA0620B07A2}.Release|Any CPU.Build.0 = Release|Any CPU
		{B2944A9D-D7E2-4D79-21AD-CBB679997F89}.Debug|Any CPU.ActiveCfg = Debug|Any CPU
		{B2944A9D-D7E2-4D79-21AD-CBB679997F89}.Debug|Any CPU.Build.0 = Debug|Any CPU
		{B2944A9D-D7E2-4D79-21AD-CBB679997F89}.Release|Any CPU.ActiveCfg = Release|Any CPU
		{B2944A9D-D7E2-4D79-21AD-CBB679997F89}.Release|Any CPU.Build.0 = Release|Any CPU
		{62EFA4D0-AEB9-532F-F9B5-BB817F74A78F}.Debug|Any CPU.ActiveCfg = Debug|Any CPU
		{62EFA4D0-AEB9-532F-F9B5-BB817F74A78F}.Debug|Any CPU.Build.0 = Debug|Any CPU
		{62EFA4D0-AEB9-532F-F9B5-BB817F74A78F}.Release|Any CPU.ActiveCfg = Release|Any CPU
		{62EFA4D0-AEB9-532F-F9B5-BB817F74A78F}.Release|Any CPU.Build.0 = Release|Any CPU
	EndGlobalSection
	GlobalSection(SolutionProperties) = preSolution
		HideSolutionNode = FALSE
	EndGlobalSection
EndGlobal
